// !$*UTF8*$!
{
	archiveVersion = 1;
	classes = {
	};
	objectVersion = 56;
	objects = {

/* Begin PBXBuildFile section */
		4C2E50D428EEDD2C00820264 /* MDpartEventSFGD.cpp in Sources */ = {isa = PBXBuildFile; fileRef = 4C2E50BF28EEDD2C00820264 /* MDpartEventSFGD.cpp */; };
		4C2E50D528EEDD2C00820264 /* Calibration.cpp in Sources */ = {isa = PBXBuildFile; fileRef = 4C2E50C328EEDD2C00820264 /* Calibration.cpp */; };
		4C2E50D628EEDD2C00820264 /* MDdataWordSFGD.cpp in Sources */ = {isa = PBXBuildFile; fileRef = 4C2E50C528EEDD2C00820264 /* MDdataWordSFGD.cpp */; };
		4C2E50D728EEDD2C00820264 /* MDargumentHandler.cpp in Sources */ = {isa = PBXBuildFile; fileRef = 4C2E50C628EEDD2C00820264 /* MDargumentHandler.cpp */; };
		4C2E50D828EEDD2C00820264 /* MDfragmentSFGD.cpp in Sources */ = {isa = PBXBuildFile; fileRef = 4C2E50C728EEDD2C00820264 /* MDfragmentSFGD.cpp */; };
		4C2E50DA28EEDD2C00820264 /* MDdataFile.cpp in Sources */ = {isa = PBXBuildFile; fileRef = 4C2E50CC28EEDD2C00820264 /* MDdataFile.cpp */; };
		4C2E50DB28EEDD2C00820264 /* Peaks.cpp in Sources */ = {isa = PBXBuildFile; fileRef = 4C2E50CD28EEDD2C00820264 /* Peaks.cpp */; };
		4C2E50DC28EEDD2C00820264 /* MDexception.cpp in Sources */ = {isa = PBXBuildFile; fileRef = 4C2E50D328EEDD2C00820264 /* MDexception.cpp */; };
		4C5517AB28FDD2510088BF69 /* SFGDCalibration.cpp in Sources */ = {isa = PBXBuildFile; fileRef = 4C5517AA28FDD2500088BF69 /* SFGDCalibration.cpp */; };
		4CF626BD28F1A686000CD10E /* Files_Reader.cpp in Sources */ = {isa = PBXBuildFile; fileRef = 4CF626BC28F1A686000CD10E /* Files_Reader.cpp */; };
/* End PBXBuildFile section */

/* Begin PBXCopyFilesBuildPhase section */
		4C2E50A828EEDD0600820264 /* CopyFiles */ = {
			isa = PBXCopyFilesBuildPhase;
			buildActionMask = 2147483647;
			dstPath = /usr/share/man/man1/;
			dstSubfolderSpec = 0;
			files = (
			);
			runOnlyForDeploymentPostprocessing = 1;
		};
/* End PBXCopyFilesBuildPhase section */

/* Begin PBXFileReference section */
		4C2E50AA28EEDD0600820264 /* SFGD_collibration */ = {isa = PBXFileReference; explicitFileType = "compiled.mach-o.executable"; includeInIndex = 0; path = SFGD_collibration; sourceTree = BUILT_PRODUCTS_DIR; };
		4C2E50BF28EEDD2C00820264 /* MDpartEventSFGD.cpp */ = {isa = PBXFileReference; fileEncoding = 4; lastKnownFileType = sourcecode.cpp.cpp; path = MDpartEventSFGD.cpp; sourceTree = "<group>"; };
		4C2E50C128EEDD2C00820264 /* MDdataWordSFGD.h */ = {isa = PBXFileReference; fileEncoding = 4; lastKnownFileType = sourcecode.c.h; path = MDdataWordSFGD.h; sourceTree = "<group>"; };
		4C2E50C228EEDD2C00820264 /* CMakeLists.txt */ = {isa = PBXFileReference; fileEncoding = 4; lastKnownFileType = text; path = CMakeLists.txt; sourceTree = "<group>"; };
		4C2E50C328EEDD2C00820264 /* Calibration.cpp */ = {isa = PBXFileReference; fileEncoding = 4; lastKnownFileType = sourcecode.cpp.cpp; path = Calibration.cpp; sourceTree = "<group>"; };
		4C2E50C428EEDD2C00820264 /* Calibration.h */ = {isa = PBXFileReference; fileEncoding = 4; lastKnownFileType = sourcecode.c.h; path = Calibration.h; sourceTree = "<group>"; };
		4C2E50C528EEDD2C00820264 /* MDdataWordSFGD.cpp */ = {isa = PBXFileReference; fileEncoding = 4; lastKnownFileType = sourcecode.cpp.cpp; path = MDdataWordSFGD.cpp; sourceTree = "<group>"; };
		4C2E50C628EEDD2C00820264 /* MDargumentHandler.cpp */ = {isa = PBXFileReference; fileEncoding = 4; lastKnownFileType = sourcecode.cpp.cpp; path = MDargumentHandler.cpp; sourceTree = "<group>"; };
		4C2E50C728EEDD2C00820264 /* MDfragmentSFGD.cpp */ = {isa = PBXFileReference; fileEncoding = 4; lastKnownFileType = sourcecode.cpp.cpp; path = MDfragmentSFGD.cpp; sourceTree = "<group>"; };
		4C2E50C828EEDD2C00820264 /* MDdataWord.h */ = {isa = PBXFileReference; fileEncoding = 4; lastKnownFileType = sourcecode.c.h; path = MDdataWord.h; sourceTree = "<group>"; };
		4C2E50C928EEDD2C00820264 /* MDfragmentSFGD.h */ = {isa = PBXFileReference; fileEncoding = 4; lastKnownFileType = sourcecode.c.h; path = MDfragmentSFGD.h; sourceTree = "<group>"; };
		4C2E50CB28EEDD2C00820264 /* MDpartEventSFGD.h */ = {isa = PBXFileReference; fileEncoding = 4; lastKnownFileType = sourcecode.c.h; path = MDpartEventSFGD.h; sourceTree = "<group>"; };
		4C2E50CC28EEDD2C00820264 /* MDdataFile.cpp */ = {isa = PBXFileReference; fileEncoding = 4; lastKnownFileType = sourcecode.cpp.cpp; path = MDdataFile.cpp; sourceTree = "<group>"; };
		4C2E50CD28EEDD2C00820264 /* Peaks.cpp */ = {isa = PBXFileReference; fileEncoding = 4; lastKnownFileType = sourcecode.cpp.cpp; path = Peaks.cpp; sourceTree = "<group>"; };
		4C2E50CE28EEDD2C00820264 /* MDargumentHandler.h */ = {isa = PBXFileReference; fileEncoding = 4; lastKnownFileType = sourcecode.c.h; path = MDargumentHandler.h; sourceTree = "<group>"; };
		4C2E50CF28EEDD2C00820264 /* MDdataContainer.h */ = {isa = PBXFileReference; fileEncoding = 4; lastKnownFileType = sourcecode.c.h; path = MDdataContainer.h; sourceTree = "<group>"; };
		4C2E50D028EEDD2C00820264 /* Peaks.h */ = {isa = PBXFileReference; fileEncoding = 4; lastKnownFileType = sourcecode.c.h; path = Peaks.h; sourceTree = "<group>"; };
		4C2E50D128EEDD2C00820264 /* MDdataFile.h */ = {isa = PBXFileReference; fileEncoding = 4; lastKnownFileType = sourcecode.c.h; path = MDdataFile.h; sourceTree = "<group>"; };
		4C2E50D228EEDD2C00820264 /* MDexception.h */ = {isa = PBXFileReference; fileEncoding = 4; lastKnownFileType = sourcecode.c.h; path = MDexception.h; sourceTree = "<group>"; };
		4C2E50D328EEDD2C00820264 /* MDexception.cpp */ = {isa = PBXFileReference; fileEncoding = 4; lastKnownFileType = sourcecode.cpp.cpp; path = MDexception.cpp; sourceTree = "<group>"; };
		4C2E50E128EEE2A600820264 /* febs_files_list.txt */ = {isa = PBXFileReference; fileEncoding = 4; lastKnownFileType = text; path = febs_files_list.txt; sourceTree = "<group>"; };
		4C3AB6F128F5B1B600F47E94 /* TSpectrum.h */ = {isa = PBXFileReference; lastKnownFileType = sourcecode.c.h; path = TSpectrum.h; sourceTree = "<group>"; };
		4C5517AA28FDD2500088BF69 /* SFGDCalibration.cpp */ = {isa = PBXFileReference; fileEncoding = 4; lastKnownFileType = sourcecode.cpp.cpp; path = SFGDCalibration.cpp; sourceTree = "<group>"; };
		4CF5169628F0A15F003A2229 /* CMakeLists.txt */ = {isa = PBXFileReference; fileEncoding = 4; lastKnownFileType = text; path = CMakeLists.txt; sourceTree = "<group>"; };
		4CF626B828F18BD9000CD10E /* Files_Reader.h */ = {isa = PBXFileReference; lastKnownFileType = sourcecode.c.h; path = Files_Reader.h; sourceTree = "<group>"; };
		4CF626BC28F1A686000CD10E /* Files_Reader.cpp */ = {isa = PBXFileReference; lastKnownFileType = sourcecode.cpp.cpp; path = Files_Reader.cpp; sourceTree = "<group>"; };
/* End PBXFileReference section */

/* Begin PBXFrameworksBuildPhase section */
		4C2E50A728EEDD0600820264 /* Frameworks */ = {
			isa = PBXFrameworksBuildPhase;
			buildActionMask = 2147483647;
			files = (
			);
			runOnlyForDeploymentPostprocessing = 0;
		};
/* End PBXFrameworksBuildPhase section */

/* Begin PBXGroup section */
		4C2E50A128EEDD0600820264 = {
			isa = PBXGroup;
			children = (
				4C2E50E128EEE2A600820264 /* febs_files_list.txt */,
				4CF5169628F0A15F003A2229 /* CMakeLists.txt */,
				4C2E50AC28EEDD0600820264 /* SFGD_collibration */,
				4C2E50AB28EEDD0600820264 /* Products */,
				4C3AB6F028F5B1B600F47E94 /* Frameworks */,
			);
			sourceTree = "<group>";
		};
		4C2E50AB28EEDD0600820264 /* Products */ = {
			isa = PBXGroup;
			children = (
				4C2E50AA28EEDD0600820264 /* SFGD_collibration */,
			);
			name = Products;
			sourceTree = "<group>";
		};
		4C2E50AC28EEDD0600820264 /* SFGD_collibration */ = {
			isa = PBXGroup;
			children = (
				4C5517AA28FDD2500088BF69 /* SFGDCalibration.cpp */,
				4C2E50BE28EEDD2C00820264 /* src */,
			);
			path = SFGD_collibration;
			sourceTree = "<group>";
		};
		4C2E50BE28EEDD2C00820264 /* src */ = {
			isa = PBXGroup;
			children = (
				4C2E50C128EEDD2C00820264 /* MDdataWordSFGD.h */,
				4C2E50BF28EEDD2C00820264 /* MDpartEventSFGD.cpp */,
				4C2E50C228EEDD2C00820264 /* CMakeLists.txt */,
				4C2E50C528EEDD2C00820264 /* MDdataWordSFGD.cpp */,
				4C2E50C628EEDD2C00820264 /* MDargumentHandler.cpp */,
				4C2E50C728EEDD2C00820264 /* MDfragmentSFGD.cpp */,
				4C2E50C828EEDD2C00820264 /* MDdataWord.h */,
				4C2E50C928EEDD2C00820264 /* MDfragmentSFGD.h */,
				4C2E50CB28EEDD2C00820264 /* MDpartEventSFGD.h */,
				4C2E50CC28EEDD2C00820264 /* MDdataFile.cpp */,
				4C2E50CE28EEDD2C00820264 /* MDargumentHandler.h */,
				4C2E50D128EEDD2C00820264 /* MDdataFile.h */,
				4C2E50C328EEDD2C00820264 /* Calibration.cpp */,
				4C2E50C428EEDD2C00820264 /* Calibration.h */,
				4C2E50D228EEDD2C00820264 /* MDexception.h */,
				4C2E50D328EEDD2C00820264 /* MDexception.cpp */,
				4C2E50CF28EEDD2C00820264 /* MDdataContainer.h */,
				4C2E50CD28EEDD2C00820264 /* Peaks.cpp */,
				4CF626BC28F1A686000CD10E /* Files_Reader.cpp */,
				4C2E50D028EEDD2C00820264 /* Peaks.h */,
				4CF626B828F18BD9000CD10E /* Files_Reader.h */,
			);
			path = src;
			sourceTree = "<group>";
		};
		4C3AB6F028F5B1B600F47E94 /* Frameworks */ = {
			isa = PBXGroup;
			children = (
				4C3AB6F128F5B1B600F47E94 /* TSpectrum.h */,
			);
			name = Frameworks;
			sourceTree = "<group>";
		};
/* End PBXGroup section */

/* Begin PBXNativeTarget section */
		4C2E50A928EEDD0600820264 /* SFGD_collibration */ = {
			isa = PBXNativeTarget;
			buildConfigurationList = 4C2E50B128EEDD0700820264 /* Build configuration list for PBXNativeTarget "SFGD_collibration" */;
			buildPhases = (
				4C2E50A628EEDD0600820264 /* Sources */,
				4C2E50A728EEDD0600820264 /* Frameworks */,
				4C2E50A828EEDD0600820264 /* CopyFiles */,
			);
			buildRules = (
			);
			dependencies = (
			);
			name = SFGD_collibration;
			productName = SFGD_collibration;
			productReference = 4C2E50AA28EEDD0600820264 /* SFGD_collibration */;
			productType = "com.apple.product-type.tool";
		};
/* End PBXNativeTarget section */

/* Begin PBXProject section */
		4C2E50A228EEDD0600820264 /* Project object */ = {
			isa = PBXProject;
			attributes = {
				BuildIndependentTargetsInParallel = 1;
				LastUpgradeCheck = 1400;
				TargetAttributes = {
					4C2E50A928EEDD0600820264 = {
						CreatedOnToolsVersion = 14.0;
					};
				};
			};
			buildConfigurationList = 4C2E50A528EEDD0600820264 /* Build configuration list for PBXProject "SFGD_collibration" */;
			compatibilityVersion = "Xcode 14.0";
			developmentRegion = en;
			hasScannedForEncodings = 0;
			knownRegions = (
				en,
				Base,
			);
			mainGroup = 4C2E50A128EEDD0600820264;
			productRefGroup = 4C2E50AB28EEDD0600820264 /* Products */;
			projectDirPath = "";
			projectRoot = "";
			targets = (
				4C2E50A928EEDD0600820264 /* SFGD_collibration */,
			);
		};
/* End PBXProject section */

/* Begin PBXSourcesBuildPhase section */
		4C2E50A628EEDD0600820264 /* Sources */ = {
			isa = PBXSourcesBuildPhase;
			buildActionMask = 2147483647;
			files = (
				4C2E50D828EEDD2C00820264 /* MDfragmentSFGD.cpp in Sources */,
				4C2E50D728EEDD2C00820264 /* MDargumentHandler.cpp in Sources */,
				4C2E50DA28EEDD2C00820264 /* MDdataFile.cpp in Sources */,
				4C2E50DB28EEDD2C00820264 /* Peaks.cpp in Sources */,
				4C2E50D428EEDD2C00820264 /* MDpartEventSFGD.cpp in Sources */,
				4C2E50DC28EEDD2C00820264 /* MDexception.cpp in Sources */,
				4C2E50D628EEDD2C00820264 /* MDdataWordSFGD.cpp in Sources */,
				4C2E50D528EEDD2C00820264 /* Calibration.cpp in Sources */,
				4CF626BD28F1A686000CD10E /* Files_Reader.cpp in Sources */,
				4C5517AB28FDD2510088BF69 /* SFGDCalibration.cpp in Sources */,
			);
			runOnlyForDeploymentPostprocessing = 0;
		};
/* End PBXSourcesBuildPhase section */

/* Begin XCBuildConfiguration section */
		4C2E50AF28EEDD0700820264 /* Debug */ = {
			isa = XCBuildConfiguration;
			buildSettings = {
				ALWAYS_SEARCH_USER_PATHS = NO;
				CLANG_ANALYZER_NONNULL = YES;
				CLANG_ANALYZER_NUMBER_OBJECT_CONVERSION = YES_AGGRESSIVE;
				CLANG_CXX_LANGUAGE_STANDARD = "gnu++20";
				CLANG_ENABLE_MODULES = YES;
				CLANG_ENABLE_OBJC_ARC = YES;
				CLANG_ENABLE_OBJC_WEAK = YES;
				CLANG_WARN_BLOCK_CAPTURE_AUTORELEASING = YES;
				CLANG_WARN_BOOL_CONVERSION = YES;
				CLANG_WARN_COMMA = YES;
				CLANG_WARN_CONSTANT_CONVERSION = YES;
				CLANG_WARN_DEPRECATED_OBJC_IMPLEMENTATIONS = YES;
				CLANG_WARN_DIRECT_OBJC_ISA_USAGE = YES_ERROR;
				CLANG_WARN_DOCUMENTATION_COMMENTS = YES;
				CLANG_WARN_EMPTY_BODY = YES;
				CLANG_WARN_ENUM_CONVERSION = YES;
				CLANG_WARN_INFINITE_RECURSION = YES;
				CLANG_WARN_INT_CONVERSION = YES;
				CLANG_WARN_NON_LITERAL_NULL_CONVERSION = YES;
				CLANG_WARN_OBJC_IMPLICIT_RETAIN_SELF = YES;
				CLANG_WARN_OBJC_LITERAL_CONVERSION = YES;
				CLANG_WARN_OBJC_ROOT_CLASS = YES_ERROR;
				CLANG_WARN_QUOTED_INCLUDE_IN_FRAMEWORK_HEADER = YES;
				CLANG_WARN_RANGE_LOOP_ANALYSIS = YES;
				CLANG_WARN_STRICT_PROTOTYPES = YES;
				CLANG_WARN_SUSPICIOUS_MOVE = YES;
				CLANG_WARN_UNGUARDED_AVAILABILITY = YES_AGGRESSIVE;
				CLANG_WARN_UNREACHABLE_CODE = YES;
				CLANG_WARN__DUPLICATE_METHOD_MATCH = YES;
				COPY_PHASE_STRIP = NO;
				DEBUG_INFORMATION_FORMAT = dwarf;
				ENABLE_STRICT_OBJC_MSGSEND = YES;
				ENABLE_TESTABILITY = YES;
				GCC_C_LANGUAGE_STANDARD = gnu11;
				GCC_DYNAMIC_NO_PIC = NO;
				GCC_NO_COMMON_BLOCKS = YES;
				GCC_OPTIMIZATION_LEVEL = 0;
				GCC_PREPROCESSOR_DEFINITIONS = (
					"DEBUG=1",
					"$(inherited)",
				);
				GCC_WARN_64_TO_32_BIT_CONVERSION = YES;
				GCC_WARN_ABOUT_RETURN_TYPE = YES_ERROR;
				GCC_WARN_UNDECLARED_SELECTOR = YES;
				GCC_WARN_UNINITIALIZED_AUTOS = YES_AGGRESSIVE;
				GCC_WARN_UNUSED_FUNCTION = YES;
				GCC_WARN_UNUSED_VARIABLE = YES;
				HEADER_SEARCH_PATHS = "$(ROOTSYS)/include/root";
				LD_RUNPATH_SEARCH_PATHS = "$(ROOTSYSTEM)/lib/root";
				MACOSX_DEPLOYMENT_TARGET = 12.3;
				MTL_ENABLE_DEBUG_INFO = INCLUDE_SOURCE;
				MTL_FAST_MATH = YES;
				ONLY_ACTIVE_ARCH = YES;
				OTHER_LDFLAGS = (
					"-L$(ROOTSYS)/lib",
					"-lCore",
					"-lImt",
					"-lRIO",
					"-lNet",
					"-lHist",
					"-lGraf",
					"-lGraf3d",
					"-lGpad",
					"-lROOTVecOps",
					"-lTree",
					"-lTreePlayer",
					"-lRint",
					"-lPostscript",
					"-lMatrix",
					"-lPhysics",
					"-lMathCore",
					"-lThread",
					"-lMultiProc",
					"-lROOTDataFrame",
					"-Wl,-rpath,/Applications/root_v6.26.06/lib",
					"-stdlib=libc++",
					"-lpthread",
					"-lm",
					"-ldl",
					"-lSpectrum",
				);
				ROOTSYS = /Applications/root_v6.26.06;
				SDKROOT = macosx;
			};
			name = Debug;
		};
		4C2E50B028EEDD0700820264 /* Release */ = {
			isa = XCBuildConfiguration;
			buildSettings = {
				ALWAYS_SEARCH_USER_PATHS = NO;
				CLANG_ANALYZER_NONNULL = YES;
				CLANG_ANALYZER_NUMBER_OBJECT_CONVERSION = YES_AGGRESSIVE;
				CLANG_CXX_LANGUAGE_STANDARD = "gnu++20";
				CLANG_ENABLE_MODULES = YES;
				CLANG_ENABLE_OBJC_ARC = YES;
				CLANG_ENABLE_OBJC_WEAK = YES;
				CLANG_WARN_BLOCK_CAPTURE_AUTORELEASING = YES;
				CLANG_WARN_BOOL_CONVERSION = YES;
				CLANG_WARN_COMMA = YES;
				CLANG_WARN_CONSTANT_CONVERSION = YES;
				CLANG_WARN_DEPRECATED_OBJC_IMPLEMENTATIONS = YES;
				CLANG_WARN_DIRECT_OBJC_ISA_USAGE = YES_ERROR;
				CLANG_WARN_DOCUMENTATION_COMMENTS = YES;
				CLANG_WARN_EMPTY_BODY = YES;
				CLANG_WARN_ENUM_CONVERSION = YES;
				CLANG_WARN_INFINITE_RECURSION = YES;
				CLANG_WARN_INT_CONVERSION = YES;
				CLANG_WARN_NON_LITERAL_NULL_CONVERSION = YES;
				CLANG_WARN_OBJC_IMPLICIT_RETAIN_SELF = YES;
				CLANG_WARN_OBJC_LITERAL_CONVERSION = YES;
				CLANG_WARN_OBJC_ROOT_CLASS = YES_ERROR;
				CLANG_WARN_QUOTED_INCLUDE_IN_FRAMEWORK_HEADER = YES;
				CLANG_WARN_RANGE_LOOP_ANALYSIS = YES;
				CLANG_WARN_STRICT_PROTOTYPES = YES;
				CLANG_WARN_SUSPICIOUS_MOVE = YES;
				CLANG_WARN_UNGUARDED_AVAILABILITY = YES_AGGRESSIVE;
				CLANG_WARN_UNREACHABLE_CODE = YES;
				CLANG_WARN__DUPLICATE_METHOD_MATCH = YES;
				COPY_PHASE_STRIP = NO;
				DEBUG_INFORMATION_FORMAT = "dwarf-with-dsym";
				ENABLE_NS_ASSERTIONS = NO;
				ENABLE_STRICT_OBJC_MSGSEND = YES;
				GCC_C_LANGUAGE_STANDARD = gnu11;
				GCC_NO_COMMON_BLOCKS = YES;
				GCC_WARN_64_TO_32_BIT_CONVERSION = YES;
				GCC_WARN_ABOUT_RETURN_TYPE = YES_ERROR;
				GCC_WARN_UNDECLARED_SELECTOR = YES;
				GCC_WARN_UNINITIALIZED_AUTOS = YES_AGGRESSIVE;
				GCC_WARN_UNUSED_FUNCTION = YES;
				GCC_WARN_UNUSED_VARIABLE = YES;
				HEADER_SEARCH_PATHS = "$(ROOTSYS)/include/root";
				LD_RUNPATH_SEARCH_PATHS = "$(ROOTSYSTEM)/lib/root";
				MACOSX_DEPLOYMENT_TARGET = 12.3;
				MTL_ENABLE_DEBUG_INFO = NO;
				MTL_FAST_MATH = YES;
				OTHER_LDFLAGS = (
					"-L$(ROOTSYS)/lib",
					"-lCore",
					"-lImt",
					"-lRIO",
					"-lNet",
					"-lHist",
					"-lGraf",
					"-lGraf3d",
					"-lGpad",
					"-lROOTVecOps",
					"-lTree",
					"-lTreePlayer",
					"-lRint",
					"-lPostscript",
					"-lMatrix",
					"-lPhysics",
					"-lMathCore",
					"-lThread",
					"-lMultiProc",
					"-lROOTDataFrame",
					"-Wl,-rpath,/Applications/root_v6.26.06/lib",
					"-stdlib=libc++",
					"-lpthread",
					"-lm",
					"-ldl",
					"-lSpectrum",
				);
				ROOTSYS = /Applications/root_v6.26.06;
				SDKROOT = macosx;
			};
			name = Release;
		};
		4C2E50B228EEDD0700820264 /* Debug */ = {
			isa = XCBuildConfiguration;
			buildSettings = {
				ALWAYS_SEARCH_USER_PATHS = YES;
				CODE_SIGN_STYLE = Automatic;
				OTHER_LDFLAGS = (
					"-L/$(ROOTSYS)/lib",
					"-lCore",
					"-lImt",
					"-lRIO",
					"-lNet",
					"-lHist",
					"-lGraf",
					"-lGraf3d",
					"-lGpad",
					"-lROOTVecOps",
					"-lTree",
					"-lTreePlayer",
					"-lRint",
					"-lPostscript",
					"-lMatrix",
					"-lPhysics",
					"-lMathCore",
					"-lThread",
					"-lMultiProc",
					"-lROOTDataFrame",
					"-Wl,-rpath,/$(ROOTSYS)/lib",
					"-stdlib=libc++",
					"-lpthread",
					"-lm",
					"-ldl",
				);
				PRODUCT_NAME = "$(TARGET_NAME)";
				ROOTSYS = /Applications/root_v6.26.06;
				USER_HEADER_SEARCH_PATHS = "$(ROOTSYS)/include";
			};
			name = Debug;
		};
		4C2E50B328EEDD0700820264 /* Release */ = {
			isa = XCBuildConfiguration;
			buildSettings = {
				ALWAYS_SEARCH_USER_PATHS = YES;
				CODE_SIGN_STYLE = Automatic;
				OTHER_LDFLAGS = (
					"-L/$(ROOTSYS)/lib",
					"-lCore",
					"-lImt",
					"-lRIO",
					"-lNet",
					"-lHist",
					"-lGraf",
					"-lGraf3d",
					"-lGpad",
					"-lROOTVecOps",
					"-lTree",
					"-lTreePlayer",
					"-lRint",
					"-lPostscript",
					"-lMatrix",
					"-lPhysics",
					"-lMathCore",
					"-lThread",
					"-lMultiProc",
					"-lROOTDataFrame",
					"-Wl,-rpath,/$(ROOTSYS)/lib",
					"-stdlib=libc++",
					"-lpthread",
					"-lm",
					"-ldl",
				);
				PRODUCT_NAME = "$(TARGET_NAME)";
				ROOTSYS = /Applications/root_v6.26.06;
				USER_HEADER_SEARCH_PATHS = "$(ROOTSYS)/include";
			};
			name = Release;
		};
/* End XCBuildConfiguration section */

/* Begin XCConfigurationList section */
		4C2E50A528EEDD0600820264 /* Build configuration list for PBXProject "SFGD_collibration" */ = {
			isa = XCConfigurationList;
			buildConfigurations = (
				4C2E50AF28EEDD0700820264 /* Debug */,
				4C2E50B028EEDD0700820264 /* Release */,
			);
			defaultConfigurationIsVisible = 0;
			defaultConfigurationName = Release;
		};
		4C2E50B128EEDD0700820264 /* Build configuration list for PBXNativeTarget "SFGD_collibration" */ = {
			isa = XCConfigurationList;
			buildConfigurations = (
				4C2E50B228EEDD0700820264 /* Debug */,
				4C2E50B328EEDD0700820264 /* Release */,
			);
			defaultConfigurationIsVisible = 0;
			defaultConfigurationName = Release;
		};
/* End XCConfigurationList section */
	};
	rootObject = 4C2E50A228EEDD0600820264 /* Project object */;
}
